// !$*UTF8*$!
{
	archiveVersion = 1;
	classes = {
	};
	objectVersion = 46;
	objects = {

/* Begin PBXBuildFile section */
		272E79E919C0CDB200C1B158 /* AppDelegate.swift in Sources */ = {isa = PBXBuildFile; fileRef = 272E79E819C0CDB200C1B158 /* AppDelegate.swift */; };
		272E79EB19C0CDB200C1B158 /* ViewController.swift in Sources */ = {isa = PBXBuildFile; fileRef = 272E79EA19C0CDB200C1B158 /* ViewController.swift */; };
		272E79EE19C0CDB200C1B158 /* Main.storyboard in Resources */ = {isa = PBXBuildFile; fileRef = 272E79EC19C0CDB200C1B158 /* Main.storyboard */; };
		272E79F019C0CDB200C1B158 /* Images.xcassets in Resources */ = {isa = PBXBuildFile; fileRef = 272E79EF19C0CDB200C1B158 /* Images.xcassets */; };
		272E79F319C0CDB200C1B158 /* LaunchScreen.xib in Resources */ = {isa = PBXBuildFile; fileRef = 272E79F119C0CDB200C1B158 /* LaunchScreen.xib */; };
		272E79FF19C0CDB200C1B158 /* PostcardTests.swift in Sources */ = {isa = PBXBuildFile; fileRef = 272E79FE19C0CDB200C1B158 /* PostcardTests.swift */; };
		272E7A0919C0D4E100C1B158 /* SagradaFamilia.jpeg in Resources */ = {isa = PBXBuildFile; fileRef = 272E7A0819C0D4E100C1B158 /* SagradaFamilia.jpeg */; };
		278E640219C75D1A00B28154 /* AlbertEinsteinStamp.jpg in Resources */ = {isa = PBXBuildFile; fileRef = 278E640119C75D1A00B28154 /* AlbertEinsteinStamp.jpg */; };
/* End PBXBuildFile section */

/* Begin PBXContainerItemProxy section */
		272E79F919C0CDB200C1B158 /* PBXContainerItemProxy */ = {
			isa = PBXContainerItemProxy;
			containerPortal = 272E79DB19C0CDB200C1B158 /* Project object */;
			proxyType = 1;
			remoteGlobalIDString = 272E79E219C0CDB200C1B158;
			remoteInfo = Postcard;
		};
/* End PBXContainerItemProxy section */

/* Begin PBXFileReference section */
		272E79E319C0CDB200C1B158 /* Postcard.app */ = {isa = PBXFileReference; explicitFileType = wrapper.application; includeInIndex = 0; path = Postcard.app; sourceTree = BUILT_PRODUCTS_DIR; };
		272E79E719C0CDB200C1B158 /* Info.plist */ = {isa = PBXFileReference; lastKnownFileType = text.plist.xml; path = Info.plist; sourceTree = "<group>"; };
		272E79E819C0CDB200C1B158 /* AppDelegate.swift */ = {isa = PBXFileReference; lastKnownFileType = sourcecode.swift; path = AppDelegate.swift; sourceTree = "<group>"; };
		272E79EA19C0CDB200C1B158 /* ViewController.swift */ = {isa = PBXFileReference; lastKnownFileType = sourcecode.swift; path = ViewController.swift; sourceTree = "<group>"; };
		272E79ED19C0CDB200C1B158 /* Base */ = {isa = PBXFileReference; lastKnownFileType = file.storyboard; name = Base; path = Base.lproj/Main.storyboard; sourceTree = "<group>"; };
		272E79EF19C0CDB200C1B158 /* Images.xcassets */ = {isa = PBXFileReference; lastKnownFileType = folder.assetcatalog; path = Images.xcassets; sourceTree = "<group>"; };
		272E79F219C0CDB200C1B158 /* Base */ = {isa = PBXFileReference; lastKnownFileType = file.xib; name = Base; path = Base.lproj/LaunchScreen.xib; sourceTree = "<group>"; };
		272E79F819C0CDB200C1B158 /* PostcardTests.xctest */ = {isa = PBXFileReference; explicitFileType = wrapper.cfbundle; includeInIndex = 0; path = PostcardTests.xctest; sourceTree = BUILT_PRODUCTS_DIR; };
		272E79FD19C0CDB200C1B158 /* Info.plist */ = {isa = PBXFileReference; lastKnownFileType = text.plist.xml; path = Info.plist; sourceTree = "<group>"; };
		272E79FE19C0CDB200C1B158 /* PostcardTests.swift */ = {isa = PBXFileReference; lastKnownFileType = sourcecode.swift; path = PostcardTests.swift; sourceTree = "<group>"; };
		272E7A0819C0D4E100C1B158 /* SagradaFamilia.jpeg */ = {isa = PBXFileReference; lastKnownFileType = image.jpeg; path = SagradaFamilia.jpeg; sourceTree = "<group>"; };
		278E640119C75D1A00B28154 /* AlbertEinsteinStamp.jpg */ = {isa = PBXFileReference; lastKnownFileType = image.jpeg; path = AlbertEinsteinStamp.jpg; sourceTree = "<group>"; };
/* End PBXFileReference section */

/* Begin PBXFrameworksBuildPhase section */
		272E79E019C0CDB200C1B158 /* Frameworks */ = {
			isa = PBXFrameworksBuildPhase;
			buildActionMask = 2147483647;
			files = (
			);
			runOnlyForDeploymentPostprocessing = 0;
		};
		272E79F519C0CDB200C1B158 /* Frameworks */ = {
			isa = PBXFrameworksBuildPhase;
			buildActionMask = 2147483647;
			files = (
			);
			runOnlyForDeploymentPostprocessing = 0;
		};
/* End PBXFrameworksBuildPhase section */

/* Begin PBXGroup section */
		272E79DA19C0CDB200C1B158 = {
			isa = PBXGroup;
			children = (
				272E79E519C0CDB200C1B158 /* Postcard */,
				272E79FB19C0CDB200C1B158 /* PostcardTests */,
				272E79E419C0CDB200C1B158 /* Products */,
			);
			sourceTree = "<group>";
		};
		272E79E419C0CDB200C1B158 /* Products */ = {
			isa = PBXGroup;
			children = (
				272E79E319C0CDB200C1B158 /* Postcard.app */,
				272E79F819C0CDB200C1B158 /* PostcardTests.xctest */,
			);
			name = Products;
			sourceTree = "<group>";
		};
		272E79E519C0CDB200C1B158 /* Postcard */ = {
			isa = PBXGroup;
			children = (
				272E79E819C0CDB200C1B158 /* AppDelegate.swift */,
				272E79EA19C0CDB200C1B158 /* ViewController.swift */,
				272E79EC19C0CDB200C1B158 /* Main.storyboard */,
				272E79EF19C0CDB200C1B158 /* Images.xcassets */,
				272E79F119C0CDB200C1B158 /* LaunchScreen.xib */,
				272E79E619C0CDB200C1B158 /* Supporting Files */,
			);
			path = Postcard;
			sourceTree = "<group>";
		};
		272E79E619C0CDB200C1B158 /* Supporting Files */ = {
			isa = PBXGroup;
			children = (
				278E640119C75D1A00B28154 /* AlbertEinsteinStamp.jpg */,
				272E7A0819C0D4E100C1B158 /* SagradaFamilia.jpeg */,
				272E79E719C0CDB200C1B158 /* Info.plist */,
			);
			name = "Supporting Files";
			sourceTree = "<group>";
		};
		272E79FB19C0CDB200C1B158 /* PostcardTests */ = {
			isa = PBXGroup;
			children = (
				272E79FE19C0CDB200C1B158 /* PostcardTests.swift */,
				272E79FC19C0CDB200C1B158 /* Supporting Files */,
			);
			path = PostcardTests;
			sourceTree = "<group>";
		};
		272E79FC19C0CDB200C1B158 /* Supporting Files */ = {
			isa = PBXGroup;
			children = (
				272E79FD19C0CDB200C1B158 /* Info.plist */,
			);
			name = "Supporting Files";
			sourceTree = "<group>";
		};
/* End PBXGroup section */

/* Begin PBXNativeTarget section */
		272E79E219C0CDB200C1B158 /* Postcard */ = {
			isa = PBXNativeTarget;
			buildConfigurationList = 272E7A0219C0CDB200C1B158 /* Build configuration list for PBXNativeTarget "Postcard" */;
			buildPhases = (
				272E79DF19C0CDB200C1B158 /* Sources */,
				272E79E019C0CDB200C1B158 /* Frameworks */,
				272E79E119C0CDB200C1B158 /* Resources */,
			);
			buildRules = (
			);
			dependencies = (
			);
			name = Postcard;
			productName = Postcard;
			productReference = 272E79E319C0CDB200C1B158 /* Postcard.app */;
			productType = "com.apple.product-type.application";
		};
		272E79F719C0CDB200C1B158 /* PostcardTests */ = {
			isa = PBXNativeTarget;
			buildConfigurationList = 272E7A0519C0CDB200C1B158 /* Build configuration list for PBXNativeTarget "PostcardTests" */;
			buildPhases = (
				272E79F419C0CDB200C1B158 /* Sources */,
				272E79F519C0CDB200C1B158 /* Frameworks */,
				272E79F619C0CDB200C1B158 /* Resources */,
			);
			buildRules = (
			);
			dependencies = (
				272E79FA19C0CDB200C1B158 /* PBXTargetDependency */,
			);
			name = PostcardTests;
			productName = PostcardTests;
			productReference = 272E79F819C0CDB200C1B158 /* PostcardTests.xctest */;
			productType = "com.apple.product-type.bundle.unit-test";
		};
/* End PBXNativeTarget section */

/* Begin PBXProject section */
		272E79DB19C0CDB200C1B158 /* Project object */ = {
			isa = PBXProject;
			attributes = {
				LastUpgradeCheck = 0600;
				ORGANIZATIONNAME = "Code Industries";
				TargetAttributes = {
					272E79E219C0CDB200C1B158 = {
						CreatedOnToolsVersion = 6.1;
					};
					272E79F719C0CDB200C1B158 = {
						CreatedOnToolsVersion = 6.1;
						TestTargetID = 272E79E219C0CDB200C1B158;
					};
				};
			};
			buildConfigurationList = 272E79DE19C0CDB200C1B158 /* Build configuration list for PBXProject "Postcard" */;
			compatibilityVersion = "Xcode 3.2";
			developmentRegion = English;
			hasScannedForEncodings = 0;
			knownRegions = (
				en,
				Base,
			);
			mainGroup = 272E79DA19C0CDB200C1B158;
			productRefGroup = 272E79E419C0CDB200C1B158 /* Products */;
			projectDirPath = "";
			projectRoot = "";
			targets = (
				272E79E219C0CDB200C1B158 /* Postcard */,
				272E79F719C0CDB200C1B158 /* PostcardTests */,
			);
		};
/* End PBXProject section */

/* Begin PBXResourcesBuildPhase section */
		272E79E119C0CDB200C1B158 /* Resources */ = {
			isa = PBXResourcesBuildPhase;
			buildActionMask = 2147483647;
			files = (
				272E79EE19C0CDB200C1B158 /* Main.storyboard in Resources */,
				272E7A0919C0D4E100C1B158 /* SagradaFamilia.jpeg in Resources */,
				278E640219C75D1A00B28154 /* AlbertEinsteinStamp.jpg in Resources */,
				272E79F319C0CDB200C1B158 /* LaunchScreen.xib in Resources */,
				272E79F019C0CDB200C1B158 /* Images.xcassets in Resources */,
			);
			runOnlyForDeploymentPostprocessing = 0;
		};
		272E79F619C0CDB200C1B158 /* Resources */ = {
			isa = PBXResourcesBuildPhase;
			buildActionMask = 2147483647;
			files = (
			);
			runOnlyForDeploymentPostprocessing = 0;
		};
/* End PBXResourcesBuildPhase section */

/* Begin PBXSourcesBuildPhase section */
		272E79DF19C0CDB200C1B158 /* Sources */ = {
			isa = PBXSourcesBuildPhase;
			buildActionMask = 2147483647;
			files = (
				272E79EB19C0CDB200C1B158 /* ViewController.swift in Sources */,
				272E79E919C0CDB200C1B158 /* AppDelegate.swift in Sources */,
			);
			runOnlyForDeploymentPostprocessing = 0;
		};
		272E79F419C0CDB200C1B158 /* Sources */ = {
			isa = PBXSourcesBuildPhase;
			buildActionMask = 2147483647;
			files = (
				272E79FF19C0CDB200C1B158 /* PostcardTests.swift in Sources */,
			);
			runOnlyForDeploymentPostprocessing = 0;
		};
/* End PBXSourcesBuildPhase section */

/* Begin PBXTargetDependency section */
		272E79FA19C0CDB200C1B158 /* PBXTargetDependency */ = {
			isa = PBXTargetDependency;
			target = 272E79E219C0CDB200C1B158 /* Postcard */;
			targetProxy = 272E79F919C0CDB200C1B158 /* PBXContainerItemProxy */;
		};
/* End PBXTargetDependency section */

/* Begin PBXVariantGroup section */
		272E79EC19C0CDB200C1B158 /* Main.storyboard */ = {
			isa = PBXVariantGroup;
			children = (
				272E79ED19C0CDB200C1B158 /* Base */,
			);
			name = Main.storyboard;
			sourceTree = "<group>";
		};
		272E79F119C0CDB200C1B158 /* LaunchScreen.xib */ = {
			isa = PBXVariantGroup;
			children = (
				272E79F219C0CDB200C1B158 /* Base */,
			);
			name = LaunchScreen.xib;
			sourceTree = "<group>";
		};
/* End PBXVariantGroup section */

/* Begin XCBuildConfiguration section */
		272E7A0019C0CDB200C1B158 /* Debug */ = {
			isa = XCBuildConfiguration;
			buildSettings = {
				ALWAYS_SEARCH_USER_PATHS = NO;
				CLANG_CXX_LANGUAGE_STANDARD = "gnu++0x";
				CLANG_CXX_LIBRARY = "libc++";
				CLANG_ENABLE_MODULES = YES;
				CLANG_ENABLE_OBJC_ARC = YES;
				CLANG_WARN_BOOL_CONVERSION = YES;
				CLANG_WARN_CONSTANT_CONVERSION = YES;
				CLANG_WARN_DIRECT_OBJC_ISA_USAGE = YES_ERROR;
				CLANG_WARN_EMPTY_BODY = YES;
				CLANG_WARN_ENUM_CONVERSION = YES;
				CLANG_WARN_INT_CONVERSION = YES;
				CLANG_WARN_OBJC_ROOT_CLASS = YES_ERROR;
				CLANG_WARN_UNREACHABLE_CODE = YES;
				CLANG_WARN__DUPLICATE_METHOD_MATCH = YES;
				"CODE_SIGN_IDENTITY[sdk=iphoneos*]" = "iPhone Developer";
				COPY_PHASE_STRIP = NO;
				ENABLE_STRICT_OBJC_MSGSEND = YES;
				GCC_C_LANGUAGE_STANDARD = gnu99;
				GCC_DYNAMIC_NO_PIC = NO;
				GCC_OPTIMIZATION_LEVEL = 0;
				GCC_PREPROCESSOR_DEFINITIONS = (
					"DEBUG=1",
					"$(inherited)",
				);
				GCC_SYMBOLS_PRIVATE_EXTERN = NO;
				GCC_WARN_64_TO_32_BIT_CONVERSION = YES;
				GCC_WARN_ABOUT_RETURN_TYPE = YES_ERROR;
				GCC_WARN_UNDECLARED_SELECTOR = YES;
				GCC_WARN_UNINITIALIZED_AUTOS = YES_AGGRESSIVE;
				GCC_WARN_UNUSED_FUNCTION = YES;
				GCC_WARN_UNUSED_VARIABLE = YES;
				IPHONEOS_DEPLOYMENT_TARGET = 8.0;
				MTL_ENABLE_DEBUG_INFO = YES;
				ONLY_ACTIVE_ARCH = YES;
				SDKROOT = iphoneos;
				SWIFT_OPTIMIZATION_LEVEL = "-Onone";
			};
			name = Debug;
		};
		272E7A0119C0CDB200C1B158 /* Release */ = {
			isa = XCBuildConfiguration;
			buildSettings = {
				ALWAYS_SEARCH_USER_PATHS = NO;
				CLANG_CXX_LANGUAGE_STANDARD = "gnu++0x";
				CLANG_CXX_LIBRARY = "libc++";
				CLANG_ENABLE_MODULES = YES;
				CLANG_ENABLE_OBJC_ARC = YES;
				CLANG_WARN_BOOL_CONVERSION = YES;
				CLANG_WARN_CONSTANT_CONVERSION = YES;
				CLANG_WARN_DIRECT_OBJC_ISA_USAGE = YES_ERROR;
				CLANG_WARN_EMPTY_BODY = YES;
				CLANG_WARN_ENUM_CONVERSION = YES;
				CLANG_WARN_INT_CONVERSION = YES;
				CLANG_WARN_OBJC_ROOT_CLASS = YES_ERROR;
				CLANG_WARN_UNREACHABLE_CODE = YES;
				CLANG_WARN__DUPLICATE_METHOD_MATCH = YES;
				"CODE_SIGN_IDENTITY[sdk=iphoneos*]" = "iPhone Developer";
				COPY_PHASE_STRIP = YES;
				ENABLE_NS_ASSERTIONS = NO;
				ENABLE_STRICT_OBJC_MSGSEND = YES;
				GCC_C_LANGUAGE_STANDARD = gnu99;
				GCC_WARN_64_TO_32_BIT_CONVERSION = YES;
				GCC_WARN_ABOUT_RETURN_TYPE = YES_ERROR;
				GCC_WARN_UNDECLARED_SELECTOR = YES;
				GCC_WARN_UNINITIALIZED_AUTOS = YES_AGGRESSIVE;
				GCC_WARN_UNUSED_FUNCTION = YES;
				GCC_WARN_UNUSED_VARIABLE = YES;
				IPHONEOS_DEPLOYMENT_TARGET = 8.0;
				MTL_ENABLE_DEBUG_INFO = NO;
				SDKROOT = iphoneos;
				VALIDATE_PRODUCT = YES;
			};
			name = Release;
		};
		272E7A0319C0CDB200C1B158 /* Debug */ = {
			isa = XCBuildConfiguration;
			buildSettings = {
				ASSETCATALOG_COMPILER_APPICON_NAME = AppIcon;
				INFOPLIST_FILE = Postcard/Info.plist;
				LD_RUNPATH_SEARCH_PATHS = "$(inherited) @executable_path/Frameworks";
				PRODUCT_NAME = "$(TARGET_NAME)";
			};
			name = Debug;
		};
		272E7A0419C0CDB200C1B158 /* Release */ = {
			isa = XCBuildConfiguration;
			buildSettings = {
				ASSETCATALOG_COMPILER_APPICON_NAME = AppIcon;
				INFOPLIST_FILE = Postcard/Info.plist;
				LD_RUNPATH_SEARCH_PATHS = "$(inherited) @executable_path/Frameworks";
				PRODUCT_NAME = "$(TARGET_NAME)";
			};
			name = Release;
		};
		272E7A0619C0CDB200C1B158 /* Debug */ = {
			isa = XCBuildConfiguration;
			buildSettings = {
				BUNDLE_LOADER = "$(TEST_HOST)";
				FRAMEWORK_SEARCH_PATHS = (
					"$(SDKROOT)/Developer/Library/Frameworks",
					"$(inherited)",
				);
				GCC_PREPROCESSOR_DEFINITIONS = (
					"DEBUG=1",
					"$(inherited)",
				);
				INFOPLIST_FILE = PostcardTests/Info.plist;
				LD_RUNPATH_SEARCH_PATHS = "$(inherited) @executable_path/Frameworks @loader_path/Frameworks";
				PRODUCT_NAME = "$(TARGET_NAME)";
				TEST_HOST = "$(BUILT_PRODUCTS_DIR)/Postcard.app/Postcard";
			};
			name = Debug;
		};
		272E7A0719C0CDB200C1B158 /* Release */ = {
			isa = XCBuildConfiguration;
			buildSettings = {
				BUNDLE_LOADER = "$(TEST_HOST)";
				FRAMEWORK_SEARCH_PATHS = (
					"$(SDKROOT)/Developer/Library/Frameworks",
					"$(inherited)",
				);
				INFOPLIST_FILE = PostcardTests/Info.plist;
				LD_RUNPATH_SEARCH_PATHS = "$(inherited) @executable_path/Frameworks @loader_path/Frameworks";
				PRODUCT_NAME = "$(TARGET_NAME)";
				TEST_HOST = "$(BUILT_PRODUCTS_DIR)/Postcard.app/Postcard";
			};
			name = Release;
		};
/* End XCBuildConfiguration section */

/* Begin XCConfigurationList section */
		272E79DE19C0CDB200C1B158 /* Build configuration list for PBXProject "Postcard" */ = {
			isa = XCConfigurationList;
			buildConfigurations = (
				272E7A0019C0CDB200C1B158 /* Debug */,
				272E7A0119C0CDB200C1B158 /* Release */,
			);
			defaultConfigurationIsVisible = 0;
			defaultConfigurationName = Release;
		};
		272E7A0219C0CDB200C1B158 /* Build configuration list for PBXNativeTarget "Postcard" */ = {
			isa = XCConfigurationList;
			buildConfigurations = (
				272E7A0319C0CDB200C1B158 /* Debug */,
				272E7A0419C0CDB200C1B158 /* Release */,
			);
			defaultConfigurationIsVisible = 0;
			defaultConfigurationName = Release;
		};
		272E7A0519C0CDB200C1B158 /* Build configuration list for PBXNativeTarget "PostcardTests" */ = {
			isa = XCConfigurationList;
			buildConfigurations = (
				272E7A0619C0CDB200C1B158 /* Debug */,
				272E7A0719C0CDB200C1B158 /* Release */,
			);
			defaultConfigurationIsVisible = 0;
			defaultConfigurationName = Release;
		};
/* End XCConfigurationList section */
	};
	rootObject = 272E79DB19C0CDB200C1B158 /* Project object */;
}
